Microsoft Visual Studio Solution File, Format Version 12.00
# Visual Studio Version 17
VisualStudioVersion = 17.0.31903.59
MinimumVisualStudioVersion = 10.0.40219.1
Project("{FAE04EC0-301F-11D3-BF4B-00C04F79EFBC}") = "ERLoader.Wpf", "ui\ERLoader.Wpf\ERLoader.Wpf.csproj", "{2B8D4C73-0877-4FB8-8680-4F95AB2AF538}"
EndProject
Global
	GlobalSection(SolutionConfigurationPlatforms) = preSolution
		Debug|Any CPU = Debug|Any CPU
		Release|Any CPU = Release|Any CPU
	EndGlobalSection
	GlobalSection(ProjectConfigurationPlatforms) = postSolution
		{2B8D4C73-0877-4FB8-8680-4F95AB2AF538}.Debug|Any CPU.ActiveCfg = Debug|Any CPU
		{2B8D4C73-0877-4FB8-8680-4F95AB2AF538}.Debug|Any CPU.Build.0 = Debug|Any CPU
		{2B8D4C73-0877-4FB8-8680-4F95AB2AF538}.Release|Any CPU.ActiveCfg = Release|Any CPU
		{2B8D4C73-0877-4FB8-8680-4F95AB2AF538}.Release|Any CPU.Build.0 = Release|Any CPU
	EndGlobalSection
	GlobalSection(SolutionProperties) = preSolution
		HideSolutionNode = FALSE
	EndGlobalSection
	GlobalSection(ExtensibilityGlobals) = postSolution
		SolutionGuid = {5A99D7D1-AC5C-4447-88DF-12A26F52FD3D}
	EndGlobalSection
EndGlobal
